
Microsoft Visual Studio Solution File, Format Version 12.00
# Visual Studio Version 16
VisualStudioVersion = 16.0.31729.503
MinimumVisualStudioVersion = 10.0.40219.1
Project("{FAE04EC0-301F-11D3-BF4B-00C04F79EFBC}") = "element 3", "element 3\element 3.csproj", "{986F115C-1E9A-4DF8-A9C9-FBACA3F50EB8}"
EndProject
Global
	GlobalSection(SolutionConfigurationPlatforms) = preSolution
		Debug|Any CPU = Debug|Any CPU
		Release|Any CPU = Release|Any CPU
	EndGlobalSection
	GlobalSection(ProjectConfigurationPlatforms) = postSolution
		{986F115C-1E9A-4DF8-A9C9-FBACA3F50EB8}.Debug|Any CPU.ActiveCfg = Debug|Any CPU
		{986F115C-1E9A-4DF8-A9C9-FBACA3F50EB8}.Debug|Any CPU.Build.0 = Debug|Any CPU
		{986F115C-1E9A-4DF8-A9C9-FBACA3F50EB8}.Release|Any CPU.ActiveCfg = Release|Any CPU
		{986F115C-1E9A-4DF8-A9C9-FBACA3F50EB8}.Release|Any CPU.Build.0 = Release|Any CPU
	EndGlobalSection
	GlobalSection(SolutionProperties) = preSolution
		HideSolutionNode = FALSE
	EndGlobalSection
	GlobalSection(ExtensibilityGlobals) = postSolution
		SolutionGuid = {263A0598-94E4-4ECB-99E7-646BE7ED74AE}
	EndGlobalSection
EndGlobal
